
Microsoft Visual Studio Solution File, Format Version 12.00
# Visual Studio Version 16
VisualStudioVersion = 16.0.30907.101
MinimumVisualStudioVersion = 10.0.40219.1
Project("{FAE04EC0-301F-11D3-BF4B-00C04F79EFBC}") = "JuanSpecFlowTest", "JuanAppWeb\JuanSpecFlowTest.csproj", "{3EC3E741-090C-4F44-A696-0E98277220E9}"
EndProject
Project("{FAE04EC0-301F-11D3-BF4B-00C04F79EFBC}") = "JuanLogica", "JuanLogica\JuanLogica.csproj", "{C578EC4E-F592-4AFC-A9CA-664D93A85E4F}"
EndProject
Project("{FAE04EC0-301F-11D3-BF4B-00C04F79EFBC}") = "JuanWeb", "JuanWeb\JuanWeb.csproj", "{91DEBA48-5DFD-49D6-B8B5-E768C6E2B04D}"
EndProject
Global
	GlobalSection(SolutionConfigurationPlatforms) = preSolution
		Debug|Any CPU = Debug|Any CPU
		Release|Any CPU = Release|Any CPU
	EndGlobalSection
	GlobalSection(ProjectConfigurationPlatforms) = postSolution
		{3EC3E741-090C-4F44-A696-0E98277220E9}.Debug|Any CPU.ActiveCfg = Debug|Any CPU
		{3EC3E741-090C-4F44-A696-0E98277220E9}.Debug|Any CPU.Build.0 = Debug|Any CPU
		{3EC3E741-090C-4F44-A696-0E98277220E9}.Release|Any CPU.ActiveCfg = Release|Any CPU
		{3EC3E741-090C-4F44-A696-0E98277220E9}.Release|Any CPU.Build.0 = Release|Any CPU
		{C578EC4E-F592-4AFC-A9CA-664D93A85E4F}.Debug|Any CPU.ActiveCfg = Debug|Any CPU
		{C578EC4E-F592-4AFC-A9CA-664D93A85E4F}.Debug|Any CPU.Build.0 = Debug|Any CPU
		{C578EC4E-F592-4AFC-A9CA-664D93A85E4F}.Release|Any CPU.ActiveCfg = Release|Any CPU
		{C578EC4E-F592-4AFC-A9CA-664D93A85E4F}.Release|Any CPU.Build.0 = Release|Any CPU
		{91DEBA48-5DFD-49D6-B8B5-E768C6E2B04D}.Debug|Any CPU.ActiveCfg = Debug|Any CPU
		{91DEBA48-5DFD-49D6-B8B5-E768C6E2B04D}.Debug|Any CPU.Build.0 = Debug|Any CPU
		{91DEBA48-5DFD-49D6-B8B5-E768C6E2B04D}.Release|Any CPU.ActiveCfg = Release|Any CPU
		{91DEBA48-5DFD-49D6-B8B5-E768C6E2B04D}.Release|Any CPU.Build.0 = Release|Any CPU
	EndGlobalSection
	GlobalSection(SolutionProperties) = preSolution
		HideSolutionNode = FALSE
	EndGlobalSection
	GlobalSection(ExtensibilityGlobals) = postSolution
		SolutionGuid = {86188636-A455-463F-BFC2-EDC9EA4AB1AD}
	EndGlobalSection
EndGlobal
